
Microsoft Visual Studio Solution File, Format Version 12.00
# Visual Studio Version 16
VisualStudioVersion = 16.0.31702.278
MinimumVisualStudioVersion = 10.0.40219.1
Project("{2150E333-8FDC-42A3-9474-1A3956D46DE8}") = "Profile", "Profile", "{C6AB47D9-9C56-4EE8-82F3-52D8A43059C6}"
EndProject
Project("{2150E333-8FDC-42A3-9474-1A3956D46DE8}") = "Identiy", "Identiy", "{CB8C9C9B-0EF8-4B43-A808-2E3BA0A61A3E}"
EndProject
Project("{2150E333-8FDC-42A3-9474-1A3956D46DE8}") = "_Shared", "_Shared", "{0D8E643F-AA3D-4984-9E8B-ED4858D45EF6}"
EndProject
Project("{2150E333-8FDC-42A3-9474-1A3956D46DE8}") = "Dal", "Dal", "{4336E6A7-2F35-4CAB-86F0-1A6CD9897147}"
EndProject
Project("{2150E333-8FDC-42A3-9474-1A3956D46DE8}") = "Infrastructure", "Infrastructure", "{1C165780-E3A0-4957-9F6C-C8F6F8D96DC8}"
EndProject
Project("{9A19103F-16F7-4668-BE54-9A1E7A4F7556}") = "Profile.Models", "Profile.Models\Profile.Models.csproj", "{386F4AF6-B9D2-4552-A890-7D0F12ADD6A2}"
EndProject
Project("{2150E333-8FDC-42A3-9474-1A3956D46DE8}") = "Application", "Application", "{5A162F9A-193E-4654-A104-A653BC5B8EC4}"
EndProject
Project("{9A19103F-16F7-4668-BE54-9A1E7A4F7556}") = "Shared.Dal", "Shared.Dal\Shared.Dal.csproj", "{B69C78A3-BC32-475E-B803-A2DDF62D1D8E}"
EndProject
Project("{2150E333-8FDC-42A3-9474-1A3956D46DE8}") = "Domain", "Domain", "{E43A67A1-EDE5-4663-9FB4-17B1D4CB54B3}"
EndProject
Project("{9A19103F-16F7-4668-BE54-9A1E7A4F7556}") = "Profile.Dal", "Profile.Dal\Profile.Dal.csproj", "{C25B1414-9C92-4B4B-823F-46B51595ACC9}"
EndProject
Project("{9A19103F-16F7-4668-BE54-9A1E7A4F7556}") = "Profile.Api", "Profile.Api\Profile.Api.csproj", "{A03FBD29-29F7-4D21-B72A-1A67EC5C9A1A}"
EndProject
Project("{9A19103F-16F7-4668-BE54-9A1E7A4F7556}") = "Shared", "Shared\Shared.csproj", "{C3C03D4E-9E81-41B7-A5C6-C258017995EA}"
EndProject
Project("{FAE04EC0-301F-11D3-BF4B-00C04F79EFBC}") = "FakeData", "FakeData\FakeData.csproj", "{D890098A-6020-462F-A600-8CB247C8AD88}"
EndProject
Project("{FAE04EC0-301F-11D3-BF4B-00C04F79EFBC}") = "Shared.Password", "Shared.Password\Shared.Password.csproj", "{DE453620-F5DA-4413-9468-0DFD11346233}"
EndProject
Project("{FAE04EC0-301F-11D3-BF4B-00C04F79EFBC}") = "Profile.Services", "Profile.Services\Profile.Services.csproj", "{421CF4BA-9495-44EC-AF98-4DF949F1B50E}"
EndProject
Project("{2150E333-8FDC-42A3-9474-1A3956D46DE8}") = "Location", "Location", "{7E3DC12E-0A13-4154-A24F-6934F7C1036D}"
EndProject
Project("{2150E333-8FDC-42A3-9474-1A3956D46DE8}") = "Tariff", "Tariff", "{D40ED919-4D3A-45B0-A62A-ACB34FBBD629}"
EndProject
Project("{2150E333-8FDC-42A3-9474-1A3956D46DE8}") = "Application", "Application", "{06846AAF-8C94-442B-B929-8C3883D69DBC}"
EndProject
Project("{2150E333-8FDC-42A3-9474-1A3956D46DE8}") = "Domain", "Domain", "{D57DF136-4AAF-4333-8BD3-A82CFDA59182}"
EndProject
Project("{2150E333-8FDC-42A3-9474-1A3956D46DE8}") = "Infrastructure", "Infrastructure", "{A1BC7C4D-3C6A-4922-8AB2-E0B0533EA0FC}"
EndProject
Project("{2150E333-8FDC-42A3-9474-1A3956D46DE8}") = "Application", "Application", "{A4E0DD15-6807-4302-9AAE-DA6BEDA5471D}"
EndProject
Project("{2150E333-8FDC-42A3-9474-1A3956D46DE8}") = "Domain", "Domain", "{D1AF3A0C-A5B9-46AC-8665-26D72A32B074}"
EndProject
Project("{2150E333-8FDC-42A3-9474-1A3956D46DE8}") = "Infrastructure", "Infrastructure", "{52D9CC47-9561-4338-B4EA-5DD7A06B978A}"
EndProject
Project("{FAE04EC0-301F-11D3-BF4B-00C04F79EFBC}") = "Location.Models", "Location.Models\Location.Models.csproj", "{F5FB0A45-D907-41EC-8055-DEF95C418CF4}"
EndProject
Project("{FAE04EC0-301F-11D3-BF4B-00C04F79EFBC}") = "Location.Api", "Location.Api\Location.Api.csproj", "{0B130C61-B50E-4204-A8C9-E6D9BB7C5992}"
EndProject
Project("{FAE04EC0-301F-11D3-BF4B-00C04F79EFBC}") = "Location.Dal", "Location.Dal\Location.Dal.csproj", "{E17C7526-0A7B-47EE-8B69-3DCC60C39B5B}"
EndProject
Project("{FAE04EC0-301F-11D3-BF4B-00C04F79EFBC}") = "Identity", "Identity\Identity.csproj", "{387366DC-8E6D-4400-A47A-ABEEDE44FD72}"
EndProject
Project("{FAE04EC0-301F-11D3-BF4B-00C04F79EFBC}") = "gRPC.UserStore", "gRPC.UserStore\gRPC.UserStore.csproj", "{E881FEDD-3A16-45E6-B6EC-E2E90FAACD82}"
EndProject
Project("{FAE04EC0-301F-11D3-BF4B-00C04F79EFBC}") = "Tariff.Models", "Tariff.Models\Tariff.Models.csproj", "{E90ECBB3-E7BF-4D0F-8374-FAA1D1B2D784}"
EndProject
Project("{FAE04EC0-301F-11D3-BF4B-00C04F79EFBC}") = "Tariff.Dal", "Tariff.Dal\Tariff.Dal.csproj", "{0D175052-BE28-4225-B988-749C805B6286}"
EndProject
Project("{FAE04EC0-301F-11D3-BF4B-00C04F79EFBC}") = "Shared.Exceptions", "Shared.Exceptions\Shared.Exceptions.csproj", "{7AD604C3-1355-4FB4-BEEE-D96678023CA7}"
EndProject
Project("{2150E333-8FDC-42A3-9474-1A3956D46DE8}") = "ApiComposition", "ApiComposition", "{9F2A464C-E275-4CE2-B141-205C72D597D0}"
EndProject
Project("{2150E333-8FDC-42A3-9474-1A3956D46DE8}") = "Application", "Application", "{03563FFB-A0E5-4241-93EF-8BA25033D7BD}"
EndProject
Project("{2150E333-8FDC-42A3-9474-1A3956D46DE8}") = "Domain", "Domain", "{80898108-977F-4736-8726-6BAA4C6EBE4F}"
EndProject
Project("{2150E333-8FDC-42A3-9474-1A3956D46DE8}") = "Infrastructure", "Infrastructure", "{8397AB26-BB66-420E-A266-07494A6CF2EC}"
EndProject
Project("{FAE04EC0-301F-11D3-BF4B-00C04F79EFBC}") = "ApiComposition.Api", "ApiComposition.Api\ApiComposition.Api.csproj", "{A0C08A90-9CC2-44D6-BB6C-4765D56B47CC}"
EndProject
Project("{FAE04EC0-301F-11D3-BF4B-00C04F79EFBC}") = "Profile.Dal.Domain", "Profile.Dal.Domain\Profile.Dal.Domain.csproj", "{4FC00F83-059A-49E4-B391-BD622FB36540}"
EndProject
Project("{FAE04EC0-301F-11D3-BF4B-00C04F79EFBC}") = "ApiComposition.Models", "ApiComposition.Models\ApiComposition.Models.csproj", "{D5F06604-E187-4582-A137-242F38BA3182}"
EndProject
Project("{FAE04EC0-301F-11D3-BF4B-00C04F79EFBC}") = "Profile.gRPC", "Profile.gRPC\Profile.gRPC.csproj", "{C2D86283-F905-44FA-B566-40F9C15DCC76}"
EndProject
Project("{FAE04EC0-301F-11D3-BF4B-00C04F79EFBC}") = "Location.Services", "Location.Services\Location.Services.csproj", "{2170011C-890D-49AF-8EA7-CB4391A31E94}"
EndProject
Project("{FAE04EC0-301F-11D3-BF4B-00C04F79EFBC}") = "Location.Dal.Domain", "Location.Dal.Domain\Location.Dal.Domain.csproj", "{80DBA50A-8FDC-4A69-9F09-C114F8B06FB6}"
EndProject
Project("{FAE04EC0-301F-11D3-BF4B-00C04F79EFBC}") = "Location.gRPC", "Location.gRPC\Location.gRPC.csproj", "{361C8F4C-56AE-4315-9D2B-1D6C6B9093D2}"
EndProject
Project("{FAE04EC0-301F-11D3-BF4B-00C04F79EFBC}") = "Tariff.Api", "Tariff.Api\Tariff.Api.csproj", "{2A28AD8F-BC3D-4786-A311-8969EF1B4E4C}"
EndProject
Project("{FAE04EC0-301F-11D3-BF4B-00C04F79EFBC}") = "Tariff.Dal.Domain", "Tariff.Dal.Domain\Tariff.Dal.Domain.csproj", "{E66B727B-A0B7-4686-9CB7-DF61D8CF40FB}"
EndProject
Global
	GlobalSection(SolutionConfigurationPlatforms) = preSolution
		Debug|Any CPU = Debug|Any CPU
		Release|Any CPU = Release|Any CPU
	EndGlobalSection
	GlobalSection(ProjectConfigurationPlatforms) = postSolution
		{386F4AF6-B9D2-4552-A890-7D0F12ADD6A2}.Debug|Any CPU.ActiveCfg = Debug|Any CPU
		{386F4AF6-B9D2-4552-A890-7D0F12ADD6A2}.Debug|Any CPU.Build.0 = Debug|Any CPU
		{386F4AF6-B9D2-4552-A890-7D0F12ADD6A2}.Release|Any CPU.ActiveCfg = Release|Any CPU
		{386F4AF6-B9D2-4552-A890-7D0F12ADD6A2}.Release|Any CPU.Build.0 = Release|Any CPU
		{B69C78A3-BC32-475E-B803-A2DDF62D1D8E}.Debug|Any CPU.ActiveCfg = Debug|Any CPU
		{B69C78A3-BC32-475E-B803-A2DDF62D1D8E}.Debug|Any CPU.Build.0 = Debug|Any CPU
		{B69C78A3-BC32-475E-B803-A2DDF62D1D8E}.Release|Any CPU.ActiveCfg = Release|Any CPU
		{B69C78A3-BC32-475E-B803-A2DDF62D1D8E}.Release|Any CPU.Build.0 = Release|Any CPU
		{C25B1414-9C92-4B4B-823F-46B51595ACC9}.Debug|Any CPU.ActiveCfg = Debug|Any CPU
		{C25B1414-9C92-4B4B-823F-46B51595ACC9}.Debug|Any CPU.Build.0 = Debug|Any CPU
		{C25B1414-9C92-4B4B-823F-46B51595ACC9}.Release|Any CPU.ActiveCfg = Release|Any CPU
		{C25B1414-9C92-4B4B-823F-46B51595ACC9}.Release|Any CPU.Build.0 = Release|Any CPU
		{A03FBD29-29F7-4D21-B72A-1A67EC5C9A1A}.Debug|Any CPU.ActiveCfg = Debug|Any CPU
		{A03FBD29-29F7-4D21-B72A-1A67EC5C9A1A}.Debug|Any CPU.Build.0 = Debug|Any CPU
		{A03FBD29-29F7-4D21-B72A-1A67EC5C9A1A}.Release|Any CPU.ActiveCfg = Release|Any CPU
		{A03FBD29-29F7-4D21-B72A-1A67EC5C9A1A}.Release|Any CPU.Build.0 = Release|Any CPU
		{C3C03D4E-9E81-41B7-A5C6-C258017995EA}.Debug|Any CPU.ActiveCfg = Debug|Any CPU
		{C3C03D4E-9E81-41B7-A5C6-C258017995EA}.Debug|Any CPU.Build.0 = Debug|Any CPU
		{C3C03D4E-9E81-41B7-A5C6-C258017995EA}.Release|Any CPU.ActiveCfg = Release|Any CPU
		{C3C03D4E-9E81-41B7-A5C6-C258017995EA}.Release|Any CPU.Build.0 = Release|Any CPU
		{D890098A-6020-462F-A600-8CB247C8AD88}.Debug|Any CPU.ActiveCfg = Debug|Any CPU
		{D890098A-6020-462F-A600-8CB247C8AD88}.Debug|Any CPU.Build.0 = Debug|Any CPU
		{D890098A-6020-462F-A600-8CB247C8AD88}.Release|Any CPU.ActiveCfg = Release|Any CPU
		{D890098A-6020-462F-A600-8CB247C8AD88}.Release|Any CPU.Build.0 = Release|Any CPU
		{DE453620-F5DA-4413-9468-0DFD11346233}.Debug|Any CPU.ActiveCfg = Debug|Any CPU
		{DE453620-F5DA-4413-9468-0DFD11346233}.Debug|Any CPU.Build.0 = Debug|Any CPU
		{DE453620-F5DA-4413-9468-0DFD11346233}.Release|Any CPU.ActiveCfg = Release|Any CPU
		{DE453620-F5DA-4413-9468-0DFD11346233}.Release|Any CPU.Build.0 = Release|Any CPU
		{421CF4BA-9495-44EC-AF98-4DF949F1B50E}.Debug|Any CPU.ActiveCfg = Debug|Any CPU
		{421CF4BA-9495-44EC-AF98-4DF949F1B50E}.Debug|Any CPU.Build.0 = Debug|Any CPU
		{421CF4BA-9495-44EC-AF98-4DF949F1B50E}.Release|Any CPU.ActiveCfg = Release|Any CPU
		{421CF4BA-9495-44EC-AF98-4DF949F1B50E}.Release|Any CPU.Build.0 = Release|Any CPU
		{F5FB0A45-D907-41EC-8055-DEF95C418CF4}.Debug|Any CPU.ActiveCfg = Debug|Any CPU
		{F5FB0A45-D907-41EC-8055-DEF95C418CF4}.Debug|Any CPU.Build.0 = Debug|Any CPU
		{F5FB0A45-D907-41EC-8055-DEF95C418CF4}.Release|Any CPU.ActiveCfg = Release|Any CPU
		{F5FB0A45-D907-41EC-8055-DEF95C418CF4}.Release|Any CPU.Build.0 = Release|Any CPU
		{0B130C61-B50E-4204-A8C9-E6D9BB7C5992}.Debug|Any CPU.ActiveCfg = Debug|Any CPU
		{0B130C61-B50E-4204-A8C9-E6D9BB7C5992}.Debug|Any CPU.Build.0 = Debug|Any CPU
		{0B130C61-B50E-4204-A8C9-E6D9BB7C5992}.Release|Any CPU.ActiveCfg = Release|Any CPU
		{0B130C61-B50E-4204-A8C9-E6D9BB7C5992}.Release|Any CPU.Build.0 = Release|Any CPU
		{E17C7526-0A7B-47EE-8B69-3DCC60C39B5B}.Debug|Any CPU.ActiveCfg = Debug|Any CPU
		{E17C7526-0A7B-47EE-8B69-3DCC60C39B5B}.Debug|Any CPU.Build.0 = Debug|Any CPU
		{E17C7526-0A7B-47EE-8B69-3DCC60C39B5B}.Release|Any CPU.ActiveCfg = Release|Any CPU
		{E17C7526-0A7B-47EE-8B69-3DCC60C39B5B}.Release|Any CPU.Build.0 = Release|Any CPU
		{387366DC-8E6D-4400-A47A-ABEEDE44FD72}.Debug|Any CPU.ActiveCfg = Debug|Any CPU
		{387366DC-8E6D-4400-A47A-ABEEDE44FD72}.Debug|Any CPU.Build.0 = Debug|Any CPU
		{387366DC-8E6D-4400-A47A-ABEEDE44FD72}.Release|Any CPU.ActiveCfg = Release|Any CPU
		{387366DC-8E6D-4400-A47A-ABEEDE44FD72}.Release|Any CPU.Build.0 = Release|Any CPU
		{E881FEDD-3A16-45E6-B6EC-E2E90FAACD82}.Debug|Any CPU.ActiveCfg = Debug|Any CPU
		{E881FEDD-3A16-45E6-B6EC-E2E90FAACD82}.Debug|Any CPU.Build.0 = Debug|Any CPU
		{E881FEDD-3A16-45E6-B6EC-E2E90FAACD82}.Release|Any CPU.ActiveCfg = Release|Any CPU
		{E881FEDD-3A16-45E6-B6EC-E2E90FAACD82}.Release|Any CPU.Build.0 = Release|Any CPU
		{E90ECBB3-E7BF-4D0F-8374-FAA1D1B2D784}.Debug|Any CPU.ActiveCfg = Debug|Any CPU
		{E90ECBB3-E7BF-4D0F-8374-FAA1D1B2D784}.Debug|Any CPU.Build.0 = Debug|Any CPU
		{E90ECBB3-E7BF-4D0F-8374-FAA1D1B2D784}.Release|Any CPU.ActiveCfg = Release|Any CPU
		{E90ECBB3-E7BF-4D0F-8374-FAA1D1B2D784}.Release|Any CPU.Build.0 = Release|Any CPU
		{0D175052-BE28-4225-B988-749C805B6286}.Debug|Any CPU.ActiveCfg = Debug|Any CPU
		{0D175052-BE28-4225-B988-749C805B6286}.Debug|Any CPU.Build.0 = Debug|Any CPU
		{0D175052-BE28-4225-B988-749C805B6286}.Release|Any CPU.ActiveCfg = Release|Any CPU
		{0D175052-BE28-4225-B988-749C805B6286}.Release|Any CPU.Build.0 = Release|Any CPU
		{7AD604C3-1355-4FB4-BEEE-D96678023CA7}.Debug|Any CPU.ActiveCfg = Debug|Any CPU
		{7AD604C3-1355-4FB4-BEEE-D96678023CA7}.Debug|Any CPU.Build.0 = Debug|Any CPU
		{7AD604C3-1355-4FB4-BEEE-D96678023CA7}.Release|Any CPU.ActiveCfg = Release|Any CPU
		{7AD604C3-1355-4FB4-BEEE-D96678023CA7}.Release|Any CPU.Build.0 = Release|Any CPU
		{A0C08A90-9CC2-44D6-BB6C-4765D56B47CC}.Debug|Any CPU.ActiveCfg = Debug|Any CPU
		{A0C08A90-9CC2-44D6-BB6C-4765D56B47CC}.Debug|Any CPU.Build.0 = Debug|Any CPU
		{A0C08A90-9CC2-44D6-BB6C-4765D56B47CC}.Release|Any CPU.ActiveCfg = Release|Any CPU
		{A0C08A90-9CC2-44D6-BB6C-4765D56B47CC}.Release|Any CPU.Build.0 = Release|Any CPU
		{4FC00F83-059A-49E4-B391-BD622FB36540}.Debug|Any CPU.ActiveCfg = Debug|Any CPU
		{4FC00F83-059A-49E4-B391-BD622FB36540}.Debug|Any CPU.Build.0 = Debug|Any CPU
		{4FC00F83-059A-49E4-B391-BD622FB36540}.Release|Any CPU.ActiveCfg = Release|Any CPU
		{4FC00F83-059A-49E4-B391-BD622FB36540}.Release|Any CPU.Build.0 = Release|Any CPU
		{D5F06604-E187-4582-A137-242F38BA3182}.Debug|Any CPU.ActiveCfg = Debug|Any CPU
		{D5F06604-E187-4582-A137-242F38BA3182}.Debug|Any CPU.Build.0 = Debug|Any CPU
		{D5F06604-E187-4582-A137-242F38BA3182}.Release|Any CPU.ActiveCfg = Release|Any CPU
		{D5F06604-E187-4582-A137-242F38BA3182}.Release|Any CPU.Build.0 = Release|Any CPU
		{C2D86283-F905-44FA-B566-40F9C15DCC76}.Debug|Any CPU.ActiveCfg = Debug|Any CPU
		{C2D86283-F905-44FA-B566-40F9C15DCC76}.Debug|Any CPU.Build.0 = Debug|Any CPU
		{C2D86283-F905-44FA-B566-40F9C15DCC76}.Release|Any CPU.ActiveCfg = Release|Any CPU
		{C2D86283-F905-44FA-B566-40F9C15DCC76}.Release|Any CPU.Build.0 = Release|Any CPU
		{2170011C-890D-49AF-8EA7-CB4391A31E94}.Debug|Any CPU.ActiveCfg = Debug|Any CPU
		{2170011C-890D-49AF-8EA7-CB4391A31E94}.Debug|Any CPU.Build.0 = Debug|Any CPU
		{2170011C-890D-49AF-8EA7-CB4391A31E94}.Release|Any CPU.ActiveCfg = Release|Any CPU
		{2170011C-890D-49AF-8EA7-CB4391A31E94}.Release|Any CPU.Build.0 = Release|Any CPU
		{80DBA50A-8FDC-4A69-9F09-C114F8B06FB6}.Debug|Any CPU.ActiveCfg = Debug|Any CPU
		{80DBA50A-8FDC-4A69-9F09-C114F8B06FB6}.Debug|Any CPU.Build.0 = Debug|Any CPU
		{80DBA50A-8FDC-4A69-9F09-C114F8B06FB6}.Release|Any CPU.ActiveCfg = Release|Any CPU
		{80DBA50A-8FDC-4A69-9F09-C114F8B06FB6}.Release|Any CPU.Build.0 = Release|Any CPU
		{361C8F4C-56AE-4315-9D2B-1D6C6B9093D2}.Debug|Any CPU.ActiveCfg = Debug|Any CPU
		{361C8F4C-56AE-4315-9D2B-1D6C6B9093D2}.Debug|Any CPU.Build.0 = Debug|Any CPU
		{361C8F4C-56AE-4315-9D2B-1D6C6B9093D2}.Release|Any CPU.ActiveCfg = Release|Any CPU
		{361C8F4C-56AE-4315-9D2B-1D6C6B9093D2}.Release|Any CPU.Build.0 = Release|Any CPU
		{2A28AD8F-BC3D-4786-A311-8969EF1B4E4C}.Debug|Any CPU.ActiveCfg = Debug|Any CPU
		{2A28AD8F-BC3D-4786-A311-8969EF1B4E4C}.Debug|Any CPU.Build.0 = Debug|Any CPU
		{2A28AD8F-BC3D-4786-A311-8969EF1B4E4C}.Release|Any CPU.ActiveCfg = Release|Any CPU
		{2A28AD8F-BC3D-4786-A311-8969EF1B4E4C}.Release|Any CPU.Build.0 = Release|Any CPU
		{E66B727B-A0B7-4686-9CB7-DF61D8CF40FB}.Debug|Any CPU.ActiveCfg = Debug|Any CPU
		{E66B727B-A0B7-4686-9CB7-DF61D8CF40FB}.Debug|Any CPU.Build.0 = Debug|Any CPU
		{E66B727B-A0B7-4686-9CB7-DF61D8CF40FB}.Release|Any CPU.ActiveCfg = Release|Any CPU
		{E66B727B-A0B7-4686-9CB7-DF61D8CF40FB}.Release|Any CPU.Build.0 = Release|Any CPU
	EndGlobalSection
	GlobalSection(SolutionProperties) = preSolution
		HideSolutionNode = FALSE
	EndGlobalSection
	GlobalSection(NestedProjects) = preSolution
		{4336E6A7-2F35-4CAB-86F0-1A6CD9897147} = {0D8E643F-AA3D-4984-9E8B-ED4858D45EF6}
		{1C165780-E3A0-4957-9F6C-C8F6F8D96DC8} = {C6AB47D9-9C56-4EE8-82F3-52D8A43059C6}
		{386F4AF6-B9D2-4552-A890-7D0F12ADD6A2} = {E43A67A1-EDE5-4663-9FB4-17B1D4CB54B3}
		{5A162F9A-193E-4654-A104-A653BC5B8EC4} = {C6AB47D9-9C56-4EE8-82F3-52D8A43059C6}
		{B69C78A3-BC32-475E-B803-A2DDF62D1D8E} = {4336E6A7-2F35-4CAB-86F0-1A6CD9897147}
		{E43A67A1-EDE5-4663-9FB4-17B1D4CB54B3} = {C6AB47D9-9C56-4EE8-82F3-52D8A43059C6}
		{C3C03D4E-9E81-41B7-A5C6-C258017995EA} = {0D8E643F-AA3D-4984-9E8B-ED4858D45EF6}
		{D890098A-6020-462F-A600-8CB247C8AD88} = {4336E6A7-2F35-4CAB-86F0-1A6CD9897147}
		{DE453620-F5DA-4413-9468-0DFD11346233} = {0D8E643F-AA3D-4984-9E8B-ED4858D45EF6}
		{421CF4BA-9495-44EC-AF98-4DF949F1B50E} = {5A162F9A-193E-4654-A104-A653BC5B8EC4}
		{C25B1414-9C92-4B4B-823F-46B51595ACC9} = {1C165780-E3A0-4957-9F6C-C8F6F8D96DC8}
		{06846AAF-8C94-442B-B929-8C3883D69DBC} = {7E3DC12E-0A13-4154-A24F-6934F7C1036D}
		{D57DF136-4AAF-4333-8BD3-A82CFDA59182} = {7E3DC12E-0A13-4154-A24F-6934F7C1036D}
		{A1BC7C4D-3C6A-4922-8AB2-E0B0533EA0FC} = {7E3DC12E-0A13-4154-A24F-6934F7C1036D}
		{A03FBD29-29F7-4D21-B72A-1A67EC5C9A1A} = {1C165780-E3A0-4957-9F6C-C8F6F8D96DC8}
		{A4E0DD15-6807-4302-9AAE-DA6BEDA5471D} = {D40ED919-4D3A-45B0-A62A-ACB34FBBD629}
		{D1AF3A0C-A5B9-46AC-8665-26D72A32B074} = {D40ED919-4D3A-45B0-A62A-ACB34FBBD629}
		{52D9CC47-9561-4338-B4EA-5DD7A06B978A} = {D40ED919-4D3A-45B0-A62A-ACB34FBBD629}
		{F5FB0A45-D907-41EC-8055-DEF95C418CF4} = {D57DF136-4AAF-4333-8BD3-A82CFDA59182}
		{E17C7526-0A7B-47EE-8B69-3DCC60C39B5B} = {A1BC7C4D-3C6A-4922-8AB2-E0B0533EA0FC}
		{387366DC-8E6D-4400-A47A-ABEEDE44FD72} = {CB8C9C9B-0EF8-4B43-A808-2E3BA0A61A3E}
		{E881FEDD-3A16-45E6-B6EC-E2E90FAACD82} = {0D8E643F-AA3D-4984-9E8B-ED4858D45EF6}
		{E90ECBB3-E7BF-4D0F-8374-FAA1D1B2D784} = {D1AF3A0C-A5B9-46AC-8665-26D72A32B074}
		{0D175052-BE28-4225-B988-749C805B6286} = {52D9CC47-9561-4338-B4EA-5DD7A06B978A}
		{7AD604C3-1355-4FB4-BEEE-D96678023CA7} = {0D8E643F-AA3D-4984-9E8B-ED4858D45EF6}
		{0B130C61-B50E-4204-A8C9-E6D9BB7C5992} = {A1BC7C4D-3C6A-4922-8AB2-E0B0533EA0FC}
		{03563FFB-A0E5-4241-93EF-8BA25033D7BD} = {9F2A464C-E275-4CE2-B141-205C72D597D0}
		{80898108-977F-4736-8726-6BAA4C6EBE4F} = {9F2A464C-E275-4CE2-B141-205C72D597D0}
		{8397AB26-BB66-420E-A266-07494A6CF2EC} = {9F2A464C-E275-4CE2-B141-205C72D597D0}
		{A0C08A90-9CC2-44D6-BB6C-4765D56B47CC} = {8397AB26-BB66-420E-A266-07494A6CF2EC}
		{4FC00F83-059A-49E4-B391-BD622FB36540} = {E43A67A1-EDE5-4663-9FB4-17B1D4CB54B3}
		{D5F06604-E187-4582-A137-242F38BA3182} = {80898108-977F-4736-8726-6BAA4C6EBE4F}
		{C2D86283-F905-44FA-B566-40F9C15DCC76} = {1C165780-E3A0-4957-9F6C-C8F6F8D96DC8}
		{2170011C-890D-49AF-8EA7-CB4391A31E94} = {06846AAF-8C94-442B-B929-8C3883D69DBC}
		{80DBA50A-8FDC-4A69-9F09-C114F8B06FB6} = {D57DF136-4AAF-4333-8BD3-A82CFDA59182}
		{361C8F4C-56AE-4315-9D2B-1D6C6B9093D2} = {A1BC7C4D-3C6A-4922-8AB2-E0B0533EA0FC}
		{2A28AD8F-BC3D-4786-A311-8969EF1B4E4C} = {52D9CC47-9561-4338-B4EA-5DD7A06B978A}
		{E66B727B-A0B7-4686-9CB7-DF61D8CF40FB} = {D1AF3A0C-A5B9-46AC-8665-26D72A32B074}
	EndGlobalSection
	GlobalSection(ExtensibilityGlobals) = postSolution
		SolutionGuid = {94ACF0B9-E8A3-4E9B-AE79-95B2E6BD7CE7}
	EndGlobalSection
EndGlobal
